
Microsoft Visual Studio Solution File, Format Version 12.00
# Visual Studio Version 17
VisualStudioVersion = 17.2.32526.322
MinimumVisualStudioVersion = 10.0.40219.1
Project("{FAE04EC0-301F-11D3-BF4B-00C04F79EFBC}") = "BackEnd_Proyecto", "BackEnd_Proyecto\BackEnd_Proyecto.csproj", "{4F8C5B02-3840-40DA-A40C-89F44E970478}"
EndProject
Global
	GlobalSection(SolutionConfigurationPlatforms) = preSolution
		Debug|Any CPU = Debug|Any CPU
		Release|Any CPU = Release|Any CPU
	EndGlobalSection
	GlobalSection(ProjectConfigurationPlatforms) = postSolution
		{4F8C5B02-3840-40DA-A40C-89F44E970478}.Debug|Any CPU.ActiveCfg = Debug|Any CPU
		{4F8C5B02-3840-40DA-A40C-89F44E970478}.Debug|Any CPU.Build.0 = Debug|Any CPU
		{4F8C5B02-3840-40DA-A40C-89F44E970478}.Release|Any CPU.ActiveCfg = Release|Any CPU
		{4F8C5B02-3840-40DA-A40C-89F44E970478}.Release|Any CPU.Build.0 = Release|Any CPU
	EndGlobalSection
	GlobalSection(SolutionProperties) = preSolution
		HideSolutionNode = FALSE
	EndGlobalSection
	GlobalSection(ExtensibilityGlobals) = postSolution
		SolutionGuid = {E867F18E-1C29-4006-B689-45CD535D2D79}
	EndGlobalSection
EndGlobal
